// !$*UTF8*$!
{
	archiveVersion = 1;
	classes = {
	};
	objectVersion = 46;
	objects = {

/* Begin PBXBuildFile section */
		F062C61D1E4C3174001AC46C /* main.m in Sources */ = {isa = PBXBuildFile; fileRef = F062C61C1E4C3174001AC46C /* main.m */; };
		F062C6201E4C3174001AC46C /* AppDelegate.m in Sources */ = {isa = PBXBuildFile; fileRef = F062C61F1E4C3174001AC46C /* AppDelegate.m */; };
		F062C6231E4C3174001AC46C /* ViewController.m in Sources */ = {isa = PBXBuildFile; fileRef = F062C6221E4C3174001AC46C /* ViewController.m */; };
		F062C6261E4C3174001AC46C /* Main.storyboard in Resources */ = {isa = PBXBuildFile; fileRef = F062C6241E4C3174001AC46C /* Main.storyboard */; };
		F062C6281E4C3174001AC46C /* Assets.xcassets in Resources */ = {isa = PBXBuildFile; fileRef = F062C6271E4C3174001AC46C /* Assets.xcassets */; };
		F062C62B1E4C3174001AC46C /* LaunchScreen.storyboard in Resources */ = {isa = PBXBuildFile; fileRef = F062C6291E4C3174001AC46C /* LaunchScreen.storyboard */; };
/* End PBXBuildFile section */

/* Begin PBXFileReference section */
		F062C6181E4C3174001AC46C /* test.app */ = {isa = PBXFileReference; explicitFileType = wrapper.application; includeInIndex = 0; path = test.app; sourceTree = BUILT_PRODUCTS_DIR; };
		F062C61C1E4C3174001AC46C /* main.m */ = {isa = PBXFileReference; lastKnownFileType = sourcecode.c.objc; path = main.m; sourceTree = "<group>"; };
		F062C61E1E4C3174001AC46C /* AppDelegate.h */ = {isa = PBXFileReference; lastKnownFileType = sourcecode.c.h; path = AppDelegate.h; sourceTree = "<group>"; };
		F062C61F1E4C3174001AC46C /* AppDelegate.m */ = {isa = PBXFileReference; lastKnownFileType = sourcecode.c.objc; path = AppDelegate.m; sourceTree = "<group>"; };
		F062C6211E4C3174001AC46C /* ViewController.h */ = {isa = PBXFileReference; lastKnownFileType = sourcecode.c.h; path = ViewController.h; sourceTree = "<group>"; };
		F062C6221E4C3174001AC46C /* ViewController.m */ = {isa = PBXFileReference; lastKnownFileType = sourcecode.c.objc; path = ViewController.m; sourceTree = "<group>"; };
		F062C6251E4C3174001AC46C /* Base */ = {isa = PBXFileReference; lastKnownFileType = file.storyboard; name = Base; path = Base.lproj/Main.storyboard; sourceTree = "<group>"; };
		F062C6271E4C3174001AC46C /* Assets.xcassets */ = {isa = PBXFileReference; lastKnownFileType = folder.assetcatalog; path = Assets.xcassets; sourceTree = "<group>"; };
		F062C62A1E4C3174001AC46C /* Base */ = {isa = PBXFileReference; lastKnownFileType = file.storyboard; name = Base; path = Base.lproj/LaunchScreen.storyboard; sourceTree = "<group>"; };
		F062C62C1E4C3174001AC46C /* Info.plist */ = {isa = PBXFileReference; lastKnownFileType = text.plist.xml; path = Info.plist; sourceTree = "<group>"; };
/* End PBXFileReference section */

/* Begin PBXFrameworksBuildPhase section */
		F062C6151E4C3174001AC46C /* Frameworks */ = {
			isa = PBXFrameworksBuildPhase;
			buildActionMask = 2147483647;
			files = (
			);
			runOnlyForDeploymentPostprocessing = 0;
		};
/* End PBXFrameworksBuildPhase section */

/* Begin PBXGroup section */
		F062C60F1E4C3174001AC46C = {
			isa = PBXGroup;
			children = (
				F062C61A1E4C3174001AC46C /* test */,
				F062C6191E4C3174001AC46C /* Products */,
			);
			sourceTree = "<group>";
		};
		F062C6191E4C3174001AC46C /* Products */ = {
			isa = PBXGroup;
			children = (
				F062C6181E4C3174001AC46C /* test.app */,
			);
			name = Products;
			sourceTree = "<group>";
		};
		F062C61A1E4C3174001AC46C /* test */ = {
			isa = PBXGroup;
			children = (
				F062C61E1E4C3174001AC46C /* AppDelegate.h */,
				F062C61F1E4C3174001AC46C /* AppDelegate.m */,
				F062C6211E4C3174001AC46C /* ViewController.h */,
				F062C6221E4C3174001AC46C /* ViewController.m */,
				F062C6241E4C3174001AC46C /* Main.storyboard */,
				F062C6271E4C3174001AC46C /* Assets.xcassets */,
				F062C6291E4C3174001AC46C /* LaunchScreen.storyboard */,
				F062C62C1E4C3174001AC46C /* Info.plist */,
				F062C61B1E4C3174001AC46C /* Supporting Files */,
			);
			path = test;
			sourceTree = "<group>";
		};
		F062C61B1E4C3174001AC46C /* Supporting Files */ = {
			isa = PBXGroup;
			children = (
				F062C61C1E4C3174001AC46C /* main.m */,
			);
			name = "Supporting Files";
			sourceTree = "<group>";
		};
/* End PBXGroup section */

/* Begin PBXNativeTarget section */
		F062C6171E4C3174001AC46C /* test */ = {
			isa = PBXNativeTarget;
			buildConfigurationList = F062C62F1E4C3174001AC46C /* Build configuration list for PBXNativeTarget "test" */;
			buildPhases = (
				F062C6141E4C3174001AC46C /* Sources */,
				F062C6151E4C3174001AC46C /* Frameworks */,
				F062C6161E4C3174001AC46C /* Resources */,
			);
			buildRules = (
			);
			dependencies = (
			);
			name = test;
			productName = test;
			productReference = F062C6181E4C3174001AC46C /* test.app */;
			productType = "com.apple.product-type.application";
		};
/* End PBXNativeTarget section */

/* Begin PBXProject section */
		F062C6101E4C3174001AC46C /* Project object */ = {
			isa = PBXProject;
			attributes = {
				LastUpgradeCheck = 0820;
				ORGANIZATIONNAME = "Rong Xin";
				TargetAttributes = {
					F062C6171E4C3174001AC46C = {
						CreatedOnToolsVersion = 8.2.1;
						DevelopmentTeam = 47ETUK7EPC;
						ProvisioningStyle = Automatic;
					};
				};
			};
			buildConfigurationList = F062C6131E4C3174001AC46C /* Build configuration list for PBXProject "test" */;
			compatibilityVersion = "Xcode 3.2";
			developmentRegion = English;
			hasScannedForEncodings = 0;
			knownRegions = (
				en,
				Base,
			);
			mainGroup = F062C60F1E4C3174001AC46C;
			productRefGroup = F062C6191E4C3174001AC46C /* Products */;
			projectDirPath = "";
			projectRoot = "";
			targets = (
				F062C6171E4C3174001AC46C /* test */,
			);
		};
/* End PBXProject section */

/* Begin PBXResourcesBuildPhase section */
		F062C6161E4C3174001AC46C /* Resources */ = {
			isa = PBXResourcesBuildPhase;
			buildActionMask = 2147483647;
			files = (
				F062C62B1E4C3174001AC46C /* LaunchScreen.storyboard in Resources */,
				F062C6281E4C3174001AC46C /* Assets.xcassets in Resources */,
				F062C6261E4C3174001AC46C /* Main.storyboard in Resources */,
			);
			runOnlyForDeploymentPostprocessing = 0;
		};
/* End PBXResourcesBuildPhase section */

/* Begin PBXSourcesBuildPhase section */
		F062C6141E4C3174001AC46C /* Sources */ = {
			isa = PBXSourcesBuildPhase;
			buildActionMask = 2147483647;
			files = (
				F062C6231E4C3174001AC46C /* ViewController.m in Sources */,
				F062C6201E4C3174001AC46C /* AppDelegate.m in Sources */,
				F062C61D1E4C3174001AC46C /* main.m in Sources */,
			);
			runOnlyForDeploymentPostprocessing = 0;
		};
/* End PBXSourcesBuildPhase section */

/* Begin PBXVariantGroup section */
		F062C6241E4C3174001AC46C /* Main.storyboard */ = {
			isa = PBXVariantGroup;
			children = (
				F062C6251E4C3174001AC46C /* Base */,
			);
			name = Main.storyboard;
			sourceTree = "<group>";
		};
		F062C6291E4C3174001AC46C /* LaunchScreen.storyboard */ = {
			isa = PBXVariantGroup;
			children = (
				F062C62A1E4C3174001AC46C /* Base */,
			);
			name = LaunchScreen.storyboard;
			sourceTree = "<group>";
		};
/* End PBXVariantGroup section */

/* Begin XCBuildConfiguration section */
		F062C62D1E4C3174001AC46C /* Debug */ = {
			isa = XCBuildConfiguration;
			buildSettings = {
				ALWAYS_SEARCH_USER_PATHS = NO;
				CLANG_ANALYZER_NONNULL = YES;
				CLANG_CXX_LANGUAGE_STANDARD = "gnu++0x";
				CLANG_CXX_LIBRARY = "libc++";
				CLANG_ENABLE_MODULES = YES;
				CLANG_ENABLE_OBJC_ARC = YES;
				CLANG_WARN_BOOL_CONVERSION = YES;
				CLANG_WARN_CONSTANT_CONVERSION = YES;
				CLANG_WARN_DIRECT_OBJC_ISA_USAGE = YES_ERROR;
				CLANG_WARN_DOCUMENTATION_COMMENTS = YES;
				CLANG_WARN_EMPTY_BODY = YES;
				CLANG_WARN_ENUM_CONVERSION = YES;
				CLANG_WARN_INFINITE_RECURSION = YES;
				CLANG_WARN_INT_CONVERSION = YES;
				CLANG_WARN_OBJC_ROOT_CLASS = YES_ERROR;
				CLANG_WARN_SUSPICIOUS_MOVE = YES;
				CLANG_WARN_UNREACHABLE_CODE = YES;
				CLANG_WARN__DUPLICATE_METHOD_MATCH = YES;
				"CODE_SIGN_IDENTITY[sdk=iphoneos*]" = "iPhone Developer";
				COPY_PHASE_STRIP = NO;
				DEBUG_INFORMATION_FORMAT = dwarf;
				ENABLE_STRICT_OBJC_MSGSEND = YES;
				ENABLE_TESTABILITY = YES;
				GCC_C_LANGUAGE_STANDARD = gnu99;
				GCC_DYNAMIC_NO_PIC = NO;
				GCC_NO_COMMON_BLOCKS = YES;
				GCC_OPTIMIZATION_LEVEL = 0;
				GCC_PREPROCESSOR_DEFINITIONS = (
					"DEBUG=1",
					"$(inherited)",
				);
				GCC_WARN_64_TO_32_BIT_CONVERSION = YES;
				GCC_WARN_ABOUT_RETURN_TYPE = YES_ERROR;
				GCC_WARN_UNDECLARED_SELECTOR = YES;
				GCC_WARN_UNINITIALIZED_AUTOS = YES_AGGRESSIVE;
				GCC_WARN_UNUSED_FUNCTION = YES;
				GCC_WARN_UNUSED_VARIABLE = YES;
				IPHONEOS_DEPLOYMENT_TARGET = 10.2;
				MTL_ENABLE_DEBUG_INFO = YES;
				ONLY_ACTIVE_ARCH = YES;
				SDKROOT = iphoneos;
			};
			name = Debug;
		};
		F062C62E1E4C3174001AC46C /* Release */ = {
			isa = XCBuildConfiguration;
			buildSettings = {
				ALWAYS_SEARCH_USER_PATHS = NO;
				CLANG_ANALYZER_NONNULL = YES;
				CLANG_CXX_LANGUAGE_STANDARD = "gnu++0x";
				CLANG_CXX_LIBRARY = "libc++";
				CLANG_ENABLE_MODULES = YES;
				CLANG_ENABLE_OBJC_ARC = YES;
				CLANG_WARN_BOOL_CONVERSION = YES;
				CLANG_WARN_CONSTANT_CONVERSION = YES;
				CLANG_WARN_DIRECT_OBJC_ISA_USAGE = YES_ERROR;
				CLANG_WARN_DOCUMENTATION_COMMENTS = YES;
				CLANG_WARN_EMPTY_BODY = YES;
				CLANG_WARN_ENUM_CONVERSION = YES;
				CLANG_WARN_INFINITE_RECURSION = YES;
				CLANG_WARN_INT_CONVERSION = YES;
				CLANG_WARN_OBJC_ROOT_CLASS = YES_ERROR;
				CLANG_WARN_SUSPICIOUS_MOVE = YES;
				CLANG_WARN_UNREACHABLE_CODE = YES;
				CLANG_WARN__DUPLICATE_METHOD_MATCH = YES;
				"CODE_SIGN_IDENTITY[sdk=iphoneos*]" = "iPhone Developer";
				COPY_PHASE_STRIP = NO;
				DEBUG_INFORMATION_FORMAT = "dwarf-with-dsym";
				ENABLE_NS_ASSERTIONS = NO;
				ENABLE_STRICT_OBJC_MSGSEND = YES;
				GCC_C_LANGUAGE_STANDARD = gnu99;
				GCC_NO_COMMON_BLOCKS = YES;
				GCC_WARN_64_TO_32_BIT_CONVERSION = YES;
				GCC_WARN_ABOUT_RETURN_TYPE = YES_ERROR;
				GCC_WARN_UNDECLARED_SELECTOR = YES;
				GCC_WARN_UNINITIALIZED_AUTOS = YES_AGGRESSIVE;
				GCC_WARN_UNUSED_FUNCTION = YES;
				GCC_WARN_UNUSED_VARIABLE = YES;
				IPHONEOS_DEPLOYMENT_TARGET = 10.2;
				MTL_ENABLE_DEBUG_INFO = NO;
				SDKROOT = iphoneos;
				VALIDATE_PRODUCT = YES;
			};
			name = Release;
		};
		F062C6301E4C3174001AC46C /* Debug */ = {
			isa = XCBuildConfiguration;
			buildSettings = {
				ASSETCATALOG_COMPILER_APPICON_NAME = AppIcon;
				DEVELOPMENT_TEAM = 47ETUK7EPC;
				INFOPLIST_FILE = test/Info.plist;
				LD_RUNPATH_SEARCH_PATHS = "$(inherited) @executable_path/Frameworks";
				PRODUCT_BUNDLE_IDENTIFIER = "Xueping-Wu.test";
				PRODUCT_NAME = "$(TARGET_NAME)";
			};
			name = Debug;
		};
		F062C6311E4C3174001AC46C /* Release */ = {
			isa = XCBuildConfiguration;
			buildSettings = {
				ASSETCATALOG_COMPILER_APPICON_NAME = AppIcon;
				DEVELOPMENT_TEAM = 47ETUK7EPC;
				INFOPLIST_FILE = test/Info.plist;
				LD_RUNPATH_SEARCH_PATHS = "$(inherited) @executable_path/Frameworks";
				PRODUCT_BUNDLE_IDENTIFIER = "Xueping-Wu.test";
				PRODUCT_NAME = "$(TARGET_NAME)";
			};
			name = Release;
		};
/* End XCBuildConfiguration section */

/* Begin XCConfigurationList section */
		F062C6131E4C3174001AC46C /* Build configuration list for PBXProject "test" */ = {
			isa = XCConfigurationList;
			buildConfigurations = (
				F062C62D1E4C3174001AC46C /* Debug */,
				F062C62E1E4C3174001AC46C /* Release */,
			);
			defaultConfigurationIsVisible = 0;
			defaultConfigurationName = Release;
		};
		F062C62F1E4C3174001AC46C /* Build configuration list for PBXNativeTarget "test" */ = {
			isa = XCConfigurationList;
			buildConfigurations = (
				F062C6301E4C3174001AC46C /* Debug */,
				F062C6311E4C3174001AC46C /* Release */,
			);
			defaultConfigurationIsVisible = 0;
		};
/* End XCConfigurationList section */
	};
	rootObject = F062C6101E4C3174001AC46C /* Project object */;
}
